# This file was autogenerated by Stack.
# You should not edit this file by hand.
# For more information, please see the documentation at:
#   https://docs.haskellstack.org/en/stable/lock_files

packages:
- completed:
    hackage: proto-lens-0.5.1.0@sha256:d959c40aabda1ab208a64b0c5abb5519e7956b665275b38beb4c812f51f95987,3266
    pantry-tree:
      size: 2205
      sha256: e556d94fe681c9416e45e993960bf3bbbc769223edc4ea92af306d969375124c
  original:
    hackage: proto-lens-0.5.1.0
- completed:
    hackage: proto-lens-protoc-0.5.0.0@sha256:bbd744e0b066470f5c433fa3bd20a036326fc01edf290a4ff8d029d95dddb912,2064
    pantry-tree:
      size: 783
      sha256: 30942e172639508c45742e4b0cb6bf3493bee24b291b6cd4c1ad0785f1e9057c
  original:
    hackage: proto-lens-protoc-0.5.0.0
- completed:
    hackage: proto-lens-runtime-0.5.0.0@sha256:cb39cf13ce4f7dac5414f94a7afe0adc9b831312e6b60588a23bd816accc385f,3132
    pantry-tree:
      size: 168
      sha256: c45212c2b75d27b7a1e32bb34e1ffd7b3cca98e16f4d5a02016ff9b744a0df64
  original:
    hackage: proto-lens-runtime-0.5.0.0
- completed:
    hackage: proto-lens-setup-0.4.0.2@sha256:2bcc26cd79a318b1988ed89d62f759054fb58bc515700bc4f594bae4a3a64271,3185
    pantry-tree:
      size: 235
      sha256: 2665efe3a077ba832137de64d2c44493ae7db536b7a0aece2b1778d8a865a76d
  original:
    hackage: proto-lens-setup-0.4.0.2
- completed:
    hackage: ghc-source-gen-0.2.0.1@sha256:4af15901dc325d1269ef04592c3677c41eaa7f9f6bbd43b9707792c2f6c0b159,3437
    pantry-tree:
      size: 1762
      sha256: f357fa9de1c82d267f4c40e63d84896f37b1800b25819e276ad85ac61f039e0e
  original:
    hackage: ghc-source-gen-0.2.0.1
- completed:
    hackage: motor-0.4.0@sha256:2b6648fe8c7879e5549685b850d97a5619e2c9db0543b991a7f42c9735586edd,2482
    pantry-tree:
      size: 734
      sha256: b8dc9ada917d0f0796a3711f5bc428b09a4425e3415888a35f3a50ab6cd5156f
  original:
    hackage: motor-0.4.0
- completed:
    hackage: indexed-0.1.3@sha256:5f3190a3b57455a7247b330cfec4d44ec5ebff7c0d957a94a4e505ccaa607917,1153
    pantry-tree:
      size: 484
      sha256: 856a0dd8097b2001652a669c938bd0ea345b06307cb419f39ee3c0c6fafbb37c
  original:
    hackage: indexed-0.1.3
- completed:
    hackage: indexed-extras-0.2@sha256:e7e498023e33016fe45467dfee3c1379862e7e6654a806a965958fa1adc00304,1349
    pantry-tree:
      size: 299
      sha256: bdec8e8a81ac73c2350cf48eab2a7c1122e7e76a55980ac654a0cf4abf305df6
  original:
    hackage: indexed-extras-0.2
- completed:
    hackage: row-types-0.3.0.0@sha256:a2d26ef268d38e76b82504e564ba771c0d03793e5452d05660e60803ae45d086,3283
    pantry-tree:
      size: 775
      sha256: 17fc5ec5c3a1f30201d88a14a498938dac9c78ebf87b85e24c286d479366a64f
  original:
    hackage: row-types-0.3.0.0
snapshots:
- completed:
    size: 499889
    url: https://raw.githubusercontent.com/commercialhaskell/stackage-snapshots/master/lts/13/26.yaml
    sha256: ecb02ee16829df8d7219e7d7fe6c310819820bf335b0b9534bce84d3ea896684
  original: lts-13.26
